// !$*UTF8*$!
{
	archiveVersion = 1;
	classes = {
	};
	objectVersion = 52;
	objects = {

/* Begin PBXBuildFile section */
		CDB99434262ECC4F000C8E8B /* OnboardingApp.swift in Sources */ = {isa = PBXBuildFile; fileRef = CDB99433262ECC4F000C8E8B /* OnboardingApp.swift */; };
		CDB99436262ECC4F000C8E8B /* ContentView.swift in Sources */ = {isa = PBXBuildFile; fileRef = CDB99435262ECC4F000C8E8B /* ContentView.swift */; };
		CDB99438262ECC52000C8E8B /* Assets.xcassets in Resources */ = {isa = PBXBuildFile; fileRef = CDB99437262ECC52000C8E8B /* Assets.xcassets */; };
		CDB9943B262ECC52000C8E8B /* Preview Assets.xcassets in Resources */ = {isa = PBXBuildFile; fileRef = CDB9943A262ECC52000C8E8B /* Preview Assets.xcassets */; };
		CDB99444262ECC71000C8E8B /* OnboardingView.swift in Sources */ = {isa = PBXBuildFile; fileRef = CDB99443262ECC71000C8E8B /* OnboardingView.swift */; };
		CDB99448262ECDF2000C8E8B /* SwiftUIX in Frameworks */ = {isa = PBXBuildFile; productRef = CDB99447262ECDF2000C8E8B /* SwiftUIX */; };
		CDE2E4C0262EED59000FEC04 /* Graphic1View.swift in Sources */ = {isa = PBXBuildFile; fileRef = CDE2E4BF262EED59000FEC04 /* Graphic1View.swift */; };
		CDE2E4C7262FB9F9000FEC04 /* Graphic2View.swift in Sources */ = {isa = PBXBuildFile; fileRef = CDE2E4C6262FB9F9000FEC04 /* Graphic2View.swift */; };
		CDE2E4CC262FBB18000FEC04 /* Graphic3View.swift in Sources */ = {isa = PBXBuildFile; fileRef = CDE2E4CB262FBB18000FEC04 /* Graphic3View.swift */; };
		CDE2E4D0262FBCAA000FEC04 /* Graphic4View.swift in Sources */ = {isa = PBXBuildFile; fileRef = CDE2E4CF262FBCAA000FEC04 /* Graphic4View.swift */; };
		CDE2E4D3262FBDAD000FEC04 /* Graphic5View.swift in Sources */ = {isa = PBXBuildFile; fileRef = CDE2E4D2262FBDAD000FEC04 /* Graphic5View.swift */; };
		CDE2E4D6262FBDE2000FEC04 /* Graphic6View.swift in Sources */ = {isa = PBXBuildFile; fileRef = CDE2E4D5262FBDE2000FEC04 /* Graphic6View.swift */; };
		CDE2E4D9262FBECC000FEC04 /* Graphic7View.swift in Sources */ = {isa = PBXBuildFile; fileRef = CDE2E4D8262FBECC000FEC04 /* Graphic7View.swift */; };
		CDE2E4DC262FBF04000FEC04 /* Graphic8View.swift in Sources */ = {isa = PBXBuildFile; fileRef = CDE2E4DB262FBF04000FEC04 /* Graphic8View.swift */; };
		CDE2E4DF262FBF63000FEC04 /* Graphic9View.swift in Sources */ = {isa = PBXBuildFile; fileRef = CDE2E4DE262FBF63000FEC04 /* Graphic9View.swift */; };
		CDE2E4E2262FBFB9000FEC04 /* Graphic10View.swift in Sources */ = {isa = PBXBuildFile; fileRef = CDE2E4E1262FBFB9000FEC04 /* Graphic10View.swift */; };
		CDE2E4E5262FC074000FEC04 /* Graphic11View.swift in Sources */ = {isa = PBXBuildFile; fileRef = CDE2E4E4262FC074000FEC04 /* Graphic11View.swift */; };
		CDE2E4E8262FC2C2000FEC04 /* Graphic12View.swift in Sources */ = {isa = PBXBuildFile; fileRef = CDE2E4E7262FC2C2000FEC04 /* Graphic12View.swift */; };
		CDE2E4EB262FC2FA000FEC04 /* Graphic13View.swift in Sources */ = {isa = PBXBuildFile; fileRef = CDE2E4EA262FC2FA000FEC04 /* Graphic13View.swift */; };
		CDE2E4EE262FC366000FEC04 /* Graphic14View.swift in Sources */ = {isa = PBXBuildFile; fileRef = CDE2E4ED262FC366000FEC04 /* Graphic14View.swift */; };
		CDE2E4F1262FC3B3000FEC04 /* Graphic15View.swift in Sources */ = {isa = PBXBuildFile; fileRef = CDE2E4F0262FC3B3000FEC04 /* Graphic15View.swift */; };
		CDE2E4F4262FC4FD000FEC04 /* Graphic16View.swift in Sources */ = {isa = PBXBuildFile; fileRef = CDE2E4F3262FC4FD000FEC04 /* Graphic16View.swift */; };
		CDE2E4F7262FC641000FEC04 /* Graphic17View.swift in Sources */ = {isa = PBXBuildFile; fileRef = CDE2E4F6262FC641000FEC04 /* Graphic17View.swift */; };
		CDE2E4FA262FC6B2000FEC04 /* Graphic18View.swift in Sources */ = {isa = PBXBuildFile; fileRef = CDE2E4F9262FC6B2000FEC04 /* Graphic18View.swift */; };
		CDE2E4FD262FC720000FEC04 /* CeditCardView.swift in Sources */ = {isa = PBXBuildFile; fileRef = CDE2E4FC262FC720000FEC04 /* CeditCardView.swift */; };
		CDE2E500262FCCBB000FEC04 /* Graphic19View.swift in Sources */ = {isa = PBXBuildFile; fileRef = CDE2E4FF262FCCBB000FEC04 /* Graphic19View.swift */; };
		CDE2E503262FD584000FEC04 /* Graphic20View.swift in Sources */ = {isa = PBXBuildFile; fileRef = CDE2E502262FD584000FEC04 /* Graphic20View.swift */; };
		CDE2E506262FD5E6000FEC04 /* Graphic21View.swift in Sources */ = {isa = PBXBuildFile; fileRef = CDE2E505262FD5E6000FEC04 /* Graphic21View.swift */; };
		CDE2E509262FD632000FEC04 /* Graphic22View.swift in Sources */ = {isa = PBXBuildFile; fileRef = CDE2E508262FD632000FEC04 /* Graphic22View.swift */; };
		CDE2E50C262FD6A7000FEC04 /* Graphic23View.swift in Sources */ = {isa = PBXBuildFile; fileRef = CDE2E50B262FD6A7000FEC04 /* Graphic23View.swift */; };
		CDE2E50F262FD6D8000FEC04 /* Graphic24View.swift in Sources */ = {isa = PBXBuildFile; fileRef = CDE2E50E262FD6D8000FEC04 /* Graphic24View.swift */; };
		CDE2E512262FD8BA000FEC04 /* Graphic25View.swift in Sources */ = {isa = PBXBuildFile; fileRef = CDE2E511262FD8BA000FEC04 /* Graphic25View.swift */; };
		CDE2E515262FD953000FEC04 /* Graphic26View.swift in Sources */ = {isa = PBXBuildFile; fileRef = CDE2E514262FD953000FEC04 /* Graphic26View.swift */; };
		CDE2E518262FD9BB000FEC04 /* Graphic27View.swift in Sources */ = {isa = PBXBuildFile; fileRef = CDE2E517262FD9BB000FEC04 /* Graphic27View.swift */; };
		CDE2E51B262FDA13000FEC04 /* Graphic28View.swift in Sources */ = {isa = PBXBuildFile; fileRef = CDE2E51A262FDA13000FEC04 /* Graphic28View.swift */; };
		CDE2E51E262FDC63000FEC04 /* Graphic29View.swift in Sources */ = {isa = PBXBuildFile; fileRef = CDE2E51D262FDC63000FEC04 /* Graphic29View.swift */; };
		CDE2E521262FDCAD000FEC04 /* Graphic30View.swift in Sources */ = {isa = PBXBuildFile; fileRef = CDE2E520262FDCAD000FEC04 /* Graphic30View.swift */; };
		CDE2E525262FDE56000FEC04 /* BoxView.swift in Sources */ = {isa = PBXBuildFile; fileRef = CDE2E524262FDE56000FEC04 /* BoxView.swift */; };
/* End PBXBuildFile section */

/* Begin PBXFileReference section */
		CDB99430262ECC4F000C8E8B /* Onboarding.app */ = {isa = PBXFileReference; explicitFileType = wrapper.application; includeInIndex = 0; path = Onboarding.app; sourceTree = BUILT_PRODUCTS_DIR; };
		CDB99433262ECC4F000C8E8B /* OnboardingApp.swift */ = {isa = PBXFileReference; lastKnownFileType = sourcecode.swift; path = OnboardingApp.swift; sourceTree = "<group>"; };
		CDB99435262ECC4F000C8E8B /* ContentView.swift */ = {isa = PBXFileReference; lastKnownFileType = sourcecode.swift; path = ContentView.swift; sourceTree = "<group>"; };
		CDB99437262ECC52000C8E8B /* Assets.xcassets */ = {isa = PBXFileReference; lastKnownFileType = folder.assetcatalog; path = Assets.xcassets; sourceTree = "<group>"; };
		CDB9943A262ECC52000C8E8B /* Preview Assets.xcassets */ = {isa = PBXFileReference; lastKnownFileType = folder.assetcatalog; path = "Preview Assets.xcassets"; sourceTree = "<group>"; };
		CDB9943C262ECC52000C8E8B /* Info.plist */ = {isa = PBXFileReference; lastKnownFileType = text.plist.xml; path = Info.plist; sourceTree = "<group>"; };
		CDB99443262ECC71000C8E8B /* OnboardingView.swift */ = {isa = PBXFileReference; lastKnownFileType = sourcecode.swift; path = OnboardingView.swift; sourceTree = "<group>"; };
		CDE2E4BF262EED59000FEC04 /* Graphic1View.swift */ = {isa = PBXFileReference; lastKnownFileType = sourcecode.swift; path = Graphic1View.swift; sourceTree = "<group>"; };
		CDE2E4C6262FB9F9000FEC04 /* Graphic2View.swift */ = {isa = PBXFileReference; lastKnownFileType = sourcecode.swift; path = Graphic2View.swift; sourceTree = "<group>"; };
		CDE2E4CB262FBB18000FEC04 /* Graphic3View.swift */ = {isa = PBXFileReference; lastKnownFileType = sourcecode.swift; path = Graphic3View.swift; sourceTree = "<group>"; };
		CDE2E4CF262FBCAA000FEC04 /* Graphic4View.swift */ = {isa = PBXFileReference; lastKnownFileType = sourcecode.swift; path = Graphic4View.swift; sourceTree = "<group>"; };
		CDE2E4D2262FBDAD000FEC04 /* Graphic5View.swift */ = {isa = PBXFileReference; lastKnownFileType = sourcecode.swift; path = Graphic5View.swift; sourceTree = "<group>"; };
		CDE2E4D5262FBDE2000FEC04 /* Graphic6View.swift */ = {isa = PBXFileReference; lastKnownFileType = sourcecode.swift; path = Graphic6View.swift; sourceTree = "<group>"; };
		CDE2E4D8262FBECC000FEC04 /* Graphic7View.swift */ = {isa = PBXFileReference; lastKnownFileType = sourcecode.swift; path = Graphic7View.swift; sourceTree = "<group>"; };
		CDE2E4DB262FBF04000FEC04 /* Graphic8View.swift */ = {isa = PBXFileReference; lastKnownFileType = sourcecode.swift; path = Graphic8View.swift; sourceTree = "<group>"; };
		CDE2E4DE262FBF63000FEC04 /* Graphic9View.swift */ = {isa = PBXFileReference; lastKnownFileType = sourcecode.swift; path = Graphic9View.swift; sourceTree = "<group>"; };
		CDE2E4E1262FBFB9000FEC04 /* Graphic10View.swift */ = {isa = PBXFileReference; lastKnownFileType = sourcecode.swift; path = Graphic10View.swift; sourceTree = "<group>"; };
		CDE2E4E4262FC074000FEC04 /* Graphic11View.swift */ = {isa = PBXFileReference; lastKnownFileType = sourcecode.swift; path = Graphic11View.swift; sourceTree = "<group>"; };
		CDE2E4E7262FC2C2000FEC04 /* Graphic12View.swift */ = {isa = PBXFileReference; lastKnownFileType = sourcecode.swift; path = Graphic12View.swift; sourceTree = "<group>"; };
		CDE2E4EA262FC2FA000FEC04 /* Graphic13View.swift */ = {isa = PBXFileReference; lastKnownFileType = sourcecode.swift; path = Graphic13View.swift; sourceTree = "<group>"; };
		CDE2E4ED262FC366000FEC04 /* Graphic14View.swift */ = {isa = PBXFileReference; lastKnownFileType = sourcecode.swift; path = Graphic14View.swift; sourceTree = "<group>"; };
		CDE2E4F0262FC3B3000FEC04 /* Graphic15View.swift */ = {isa = PBXFileReference; lastKnownFileType = sourcecode.swift; path = Graphic15View.swift; sourceTree = "<group>"; };
		CDE2E4F3262FC4FD000FEC04 /* Graphic16View.swift */ = {isa = PBXFileReference; lastKnownFileType = sourcecode.swift; path = Graphic16View.swift; sourceTree = "<group>"; };
		CDE2E4F6262FC641000FEC04 /* Graphic17View.swift */ = {isa = PBXFileReference; lastKnownFileType = sourcecode.swift; path = Graphic17View.swift; sourceTree = "<group>"; };
		CDE2E4F9262FC6B2000FEC04 /* Graphic18View.swift */ = {isa = PBXFileReference; lastKnownFileType = sourcecode.swift; path = Graphic18View.swift; sourceTree = "<group>"; };
		CDE2E4FC262FC720000FEC04 /* CeditCardView.swift */ = {isa = PBXFileReference; lastKnownFileType = sourcecode.swift; path = CeditCardView.swift; sourceTree = "<group>"; };
		CDE2E4FF262FCCBB000FEC04 /* Graphic19View.swift */ = {isa = PBXFileReference; lastKnownFileType = sourcecode.swift; path = Graphic19View.swift; sourceTree = "<group>"; };
		CDE2E502262FD584000FEC04 /* Graphic20View.swift */ = {isa = PBXFileReference; lastKnownFileType = sourcecode.swift; path = Graphic20View.swift; sourceTree = "<group>"; };
		CDE2E505262FD5E6000FEC04 /* Graphic21View.swift */ = {isa = PBXFileReference; lastKnownFileType = sourcecode.swift; path = Graphic21View.swift; sourceTree = "<group>"; };
		CDE2E508262FD632000FEC04 /* Graphic22View.swift */ = {isa = PBXFileReference; lastKnownFileType = sourcecode.swift; path = Graphic22View.swift; sourceTree = "<group>"; };
		CDE2E50B262FD6A7000FEC04 /* Graphic23View.swift */ = {isa = PBXFileReference; lastKnownFileType = sourcecode.swift; path = Graphic23View.swift; sourceTree = "<group>"; };
		CDE2E50E262FD6D8000FEC04 /* Graphic24View.swift */ = {isa = PBXFileReference; lastKnownFileType = sourcecode.swift; path = Graphic24View.swift; sourceTree = "<group>"; };
		CDE2E511262FD8BA000FEC04 /* Graphic25View.swift */ = {isa = PBXFileReference; lastKnownFileType = sourcecode.swift; path = Graphic25View.swift; sourceTree = "<group>"; };
		CDE2E514262FD953000FEC04 /* Graphic26View.swift */ = {isa = PBXFileReference; lastKnownFileType = sourcecode.swift; path = Graphic26View.swift; sourceTree = "<group>"; };
		CDE2E517262FD9BB000FEC04 /* Graphic27View.swift */ = {isa = PBXFileReference; lastKnownFileType = sourcecode.swift; path = Graphic27View.swift; sourceTree = "<group>"; };
		CDE2E51A262FDA13000FEC04 /* Graphic28View.swift */ = {isa = PBXFileReference; lastKnownFileType = sourcecode.swift; path = Graphic28View.swift; sourceTree = "<group>"; };
		CDE2E51D262FDC63000FEC04 /* Graphic29View.swift */ = {isa = PBXFileReference; lastKnownFileType = sourcecode.swift; path = Graphic29View.swift; sourceTree = "<group>"; };
		CDE2E520262FDCAD000FEC04 /* Graphic30View.swift */ = {isa = PBXFileReference; lastKnownFileType = sourcecode.swift; path = Graphic30View.swift; sourceTree = "<group>"; };
		CDE2E524262FDE56000FEC04 /* BoxView.swift */ = {isa = PBXFileReference; lastKnownFileType = sourcecode.swift; path = BoxView.swift; sourceTree = "<group>"; };
/* End PBXFileReference section */

/* Begin PBXFrameworksBuildPhase section */
		CDB9942D262ECC4F000C8E8B /* Frameworks */ = {
			isa = PBXFrameworksBuildPhase;
			buildActionMask = 2147483647;
			files = (
				CDB99448262ECDF2000C8E8B /* SwiftUIX in Frameworks */,
			);
			runOnlyForDeploymentPostprocessing = 0;
		};
/* End PBXFrameworksBuildPhase section */

/* Begin PBXGroup section */
		CDB99427262ECC4F000C8E8B = {
			isa = PBXGroup;
			children = (
				CDB99432262ECC4F000C8E8B /* Onboarding */,
				CDB99431262ECC4F000C8E8B /* Products */,
			);
			sourceTree = "<group>";
		};
		CDB99431262ECC4F000C8E8B /* Products */ = {
			isa = PBXGroup;
			children = (
				CDB99430262ECC4F000C8E8B /* Onboarding.app */,
			);
			name = Products;
			sourceTree = "<group>";
		};
		CDB99432262ECC4F000C8E8B /* Onboarding */ = {
			isa = PBXGroup;
			children = (
				CDB99433262ECC4F000C8E8B /* OnboardingApp.swift */,
				CDB99435262ECC4F000C8E8B /* ContentView.swift */,
				CDB99443262ECC71000C8E8B /* OnboardingView.swift */,
				CDE2E4FC262FC720000FEC04 /* CeditCardView.swift */,
				CDE2E524262FDE56000FEC04 /* BoxView.swift */,
				CDE2E4C4262FB90F000FEC04 /* Graphics */,
				CDB99437262ECC52000C8E8B /* Assets.xcassets */,
				CDB9943C262ECC52000C8E8B /* Info.plist */,
				CDB99439262ECC52000C8E8B /* Preview Content */,
			);
			path = Onboarding;
			sourceTree = "<group>";
		};
		CDB99439262ECC52000C8E8B /* Preview Content */ = {
			isa = PBXGroup;
			children = (
				CDB9943A262ECC52000C8E8B /* Preview Assets.xcassets */,
			);
			path = "Preview Content";
			sourceTree = "<group>";
		};
		CDE2E4C4262FB90F000FEC04 /* Graphics */ = {
			isa = PBXGroup;
			children = (
				CDE2E4BF262EED59000FEC04 /* Graphic1View.swift */,
				CDE2E4C6262FB9F9000FEC04 /* Graphic2View.swift */,
				CDE2E4CB262FBB18000FEC04 /* Graphic3View.swift */,
				CDE2E4CF262FBCAA000FEC04 /* Graphic4View.swift */,
				CDE2E4D2262FBDAD000FEC04 /* Graphic5View.swift */,
				CDE2E4D5262FBDE2000FEC04 /* Graphic6View.swift */,
				CDE2E4D8262FBECC000FEC04 /* Graphic7View.swift */,
				CDE2E4DB262FBF04000FEC04 /* Graphic8View.swift */,
				CDE2E4DE262FBF63000FEC04 /* Graphic9View.swift */,
				CDE2E4E1262FBFB9000FEC04 /* Graphic10View.swift */,
				CDE2E4E4262FC074000FEC04 /* Graphic11View.swift */,
				CDE2E4E7262FC2C2000FEC04 /* Graphic12View.swift */,
				CDE2E4EA262FC2FA000FEC04 /* Graphic13View.swift */,
				CDE2E4ED262FC366000FEC04 /* Graphic14View.swift */,
				CDE2E4F0262FC3B3000FEC04 /* Graphic15View.swift */,
				CDE2E4F3262FC4FD000FEC04 /* Graphic16View.swift */,
				CDE2E4F6262FC641000FEC04 /* Graphic17View.swift */,
				CDE2E4F9262FC6B2000FEC04 /* Graphic18View.swift */,
				CDE2E4FF262FCCBB000FEC04 /* Graphic19View.swift */,
				CDE2E502262FD584000FEC04 /* Graphic20View.swift */,
				CDE2E505262FD5E6000FEC04 /* Graphic21View.swift */,
				CDE2E508262FD632000FEC04 /* Graphic22View.swift */,
				CDE2E50B262FD6A7000FEC04 /* Graphic23View.swift */,
				CDE2E50E262FD6D8000FEC04 /* Graphic24View.swift */,
				CDE2E511262FD8BA000FEC04 /* Graphic25View.swift */,
				CDE2E514262FD953000FEC04 /* Graphic26View.swift */,
				CDE2E517262FD9BB000FEC04 /* Graphic27View.swift */,
				CDE2E51A262FDA13000FEC04 /* Graphic28View.swift */,
				CDE2E51D262FDC63000FEC04 /* Graphic29View.swift */,
				CDE2E520262FDCAD000FEC04 /* Graphic30View.swift */,
			);
			path = Graphics;
			sourceTree = "<group>";
		};
/* End PBXGroup section */

/* Begin PBXNativeTarget section */
		CDB9942F262ECC4F000C8E8B /* Onboarding */ = {
			isa = PBXNativeTarget;
			buildConfigurationList = CDB9943F262ECC52000C8E8B /* Build configuration list for PBXNativeTarget "Onboarding" */;
			buildPhases = (
				CDB9942C262ECC4F000C8E8B /* Sources */,
				CDB9942D262ECC4F000C8E8B /* Frameworks */,
				CDB9942E262ECC4F000C8E8B /* Resources */,
			);
			buildRules = (
			);
			dependencies = (
			);
			name = Onboarding;
			packageProductDependencies = (
				CDB99447262ECDF2000C8E8B /* SwiftUIX */,
			);
			productName = Onboarding;
			productReference = CDB99430262ECC4F000C8E8B /* Onboarding.app */;
			productType = "com.apple.product-type.application";
		};
/* End PBXNativeTarget section */

/* Begin PBXProject section */
		CDB99428262ECC4F000C8E8B /* Project object */ = {
			isa = PBXProject;
			attributes = {
				LastSwiftUpdateCheck = 1240;
				LastUpgradeCheck = 1240;
				TargetAttributes = {
					CDB9942F262ECC4F000C8E8B = {
						CreatedOnToolsVersion = 12.4;
					};
				};
			};
			buildConfigurationList = CDB9942B262ECC4F000C8E8B /* Build configuration list for PBXProject "Onboarding" */;
			compatibilityVersion = "Xcode 9.3";
			developmentRegion = en;
			hasScannedForEncodings = 0;
			knownRegions = (
				en,
				Base,
			);
			mainGroup = CDB99427262ECC4F000C8E8B;
			packageReferences = (
				CDB99446262ECDF1000C8E8B /* XCRemoteSwiftPackageReference "SwiftUIX" */,
			);
			productRefGroup = CDB99431262ECC4F000C8E8B /* Products */;
			projectDirPath = "";
			projectRoot = "";
			targets = (
				CDB9942F262ECC4F000C8E8B /* Onboarding */,
			);
		};
/* End PBXProject section */

/* Begin PBXResourcesBuildPhase section */
		CDB9942E262ECC4F000C8E8B /* Resources */ = {
			isa = PBXResourcesBuildPhase;
			buildActionMask = 2147483647;
			files = (
				CDB9943B262ECC52000C8E8B /* Preview Assets.xcassets in Resources */,
				CDB99438262ECC52000C8E8B /* Assets.xcassets in Resources */,
			);
			runOnlyForDeploymentPostprocessing = 0;
		};
/* End PBXResourcesBuildPhase section */

/* Begin PBXSourcesBuildPhase section */
		CDB9942C262ECC4F000C8E8B /* Sources */ = {
			isa = PBXSourcesBuildPhase;
			buildActionMask = 2147483647;
			files = (
				CDE2E4FD262FC720000FEC04 /* CeditCardView.swift in Sources */,
				CDB99444262ECC71000C8E8B /* OnboardingView.swift in Sources */,
				CDE2E521262FDCAD000FEC04 /* Graphic30View.swift in Sources */,
				CDE2E4D9262FBECC000FEC04 /* Graphic7View.swift in Sources */,
				CDE2E4FA262FC6B2000FEC04 /* Graphic18View.swift in Sources */,
				CDE2E4C7262FB9F9000FEC04 /* Graphic2View.swift in Sources */,
				CDE2E4DF262FBF63000FEC04 /* Graphic9View.swift in Sources */,
				CDE2E525262FDE56000FEC04 /* BoxView.swift in Sources */,
				CDE2E4C0262EED59000FEC04 /* Graphic1View.swift in Sources */,
				CDE2E4F4262FC4FD000FEC04 /* Graphic16View.swift in Sources */,
				CDE2E4D3262FBDAD000FEC04 /* Graphic5View.swift in Sources */,
				CDE2E50F262FD6D8000FEC04 /* Graphic24View.swift in Sources */,
				CDE2E509262FD632000FEC04 /* Graphic22View.swift in Sources */,
				CDE2E503262FD584000FEC04 /* Graphic20View.swift in Sources */,
				CDE2E512262FD8BA000FEC04 /* Graphic25View.swift in Sources */,
				CDE2E4CC262FBB18000FEC04 /* Graphic3View.swift in Sources */,
				CDE2E50C262FD6A7000FEC04 /* Graphic23View.swift in Sources */,
				CDB99436262ECC4F000C8E8B /* ContentView.swift in Sources */,
				CDE2E506262FD5E6000FEC04 /* Graphic21View.swift in Sources */,
				CDE2E51B262FDA13000FEC04 /* Graphic28View.swift in Sources */,
				CDE2E4DC262FBF04000FEC04 /* Graphic8View.swift in Sources */,
				CDE2E4E5262FC074000FEC04 /* Graphic11View.swift in Sources */,
				CDE2E51E262FDC63000FEC04 /* Graphic29View.swift in Sources */,
				CDE2E500262FCCBB000FEC04 /* Graphic19View.swift in Sources */,
				CDE2E4F7262FC641000FEC04 /* Graphic17View.swift in Sources */,
				CDE2E4D6262FBDE2000FEC04 /* Graphic6View.swift in Sources */,
				CDE2E4F1262FC3B3000FEC04 /* Graphic15View.swift in Sources */,
				CDE2E4EE262FC366000FEC04 /* Graphic14View.swift in Sources */,
				CDE2E4EB262FC2FA000FEC04 /* Graphic13View.swift in Sources */,
				CDE2E518262FD9BB000FEC04 /* Graphic27View.swift in Sources */,
				CDE2E4E8262FC2C2000FEC04 /* Graphic12View.swift in Sources */,
				CDE2E4E2262FBFB9000FEC04 /* Graphic10View.swift in Sources */,
				CDE2E515262FD953000FEC04 /* Graphic26View.swift in Sources */,
				CDE2E4D0262FBCAA000FEC04 /* Graphic4View.swift in Sources */,
				CDB99434262ECC4F000C8E8B /* OnboardingApp.swift in Sources */,
			);
			runOnlyForDeploymentPostprocessing = 0;
		};
/* End PBXSourcesBuildPhase section */

/* Begin XCBuildConfiguration section */
		CDB9943D262ECC52000C8E8B /* Debug */ = {
			isa = XCBuildConfiguration;
			buildSettings = {
				ALWAYS_SEARCH_USER_PATHS = NO;
				CLANG_ANALYZER_NONNULL = YES;
				CLANG_ANALYZER_NUMBER_OBJECT_CONVERSION = YES_AGGRESSIVE;
				CLANG_CXX_LANGUAGE_STANDARD = "gnu++14";
				CLANG_CXX_LIBRARY = "libc++";
				CLANG_ENABLE_MODULES = YES;
				CLANG_ENABLE_OBJC_ARC = YES;
				CLANG_ENABLE_OBJC_WEAK = YES;
				CLANG_WARN_BLOCK_CAPTURE_AUTORELEASING = YES;
				CLANG_WARN_BOOL_CONVERSION = YES;
				CLANG_WARN_COMMA = YES;
				CLANG_WARN_CONSTANT_CONVERSION = YES;
				CLANG_WARN_DEPRECATED_OBJC_IMPLEMENTATIONS = YES;
				CLANG_WARN_DIRECT_OBJC_ISA_USAGE = YES_ERROR;
				CLANG_WARN_DOCUMENTATION_COMMENTS = YES;
				CLANG_WARN_EMPTY_BODY = YES;
				CLANG_WARN_ENUM_CONVERSION = YES;
				CLANG_WARN_INFINITE_RECURSION = YES;
				CLANG_WARN_INT_CONVERSION = YES;
				CLANG_WARN_NON_LITERAL_NULL_CONVERSION = YES;
				CLANG_WARN_OBJC_IMPLICIT_RETAIN_SELF = YES;
				CLANG_WARN_OBJC_LITERAL_CONVERSION = YES;
				CLANG_WARN_OBJC_ROOT_CLASS = YES_ERROR;
				CLANG_WARN_QUOTED_INCLUDE_IN_FRAMEWORK_HEADER = YES;
				CLANG_WARN_RANGE_LOOP_ANALYSIS = YES;
				CLANG_WARN_STRICT_PROTOTYPES = YES;
				CLANG_WARN_SUSPICIOUS_MOVE = YES;
				CLANG_WARN_UNGUARDED_AVAILABILITY = YES_AGGRESSIVE;
				CLANG_WARN_UNREACHABLE_CODE = YES;
				CLANG_WARN__DUPLICATE_METHOD_MATCH = YES;
				COPY_PHASE_STRIP = NO;
				DEBUG_INFORMATION_FORMAT = dwarf;
				ENABLE_STRICT_OBJC_MSGSEND = YES;
				ENABLE_TESTABILITY = YES;
				GCC_C_LANGUAGE_STANDARD = gnu11;
				GCC_DYNAMIC_NO_PIC = NO;
				GCC_NO_COMMON_BLOCKS = YES;
				GCC_OPTIMIZATION_LEVEL = 0;
				GCC_PREPROCESSOR_DEFINITIONS = (
					"DEBUG=1",
					"$(inherited)",
				);
				GCC_WARN_64_TO_32_BIT_CONVERSION = YES;
				GCC_WARN_ABOUT_RETURN_TYPE = YES_ERROR;
				GCC_WARN_UNDECLARED_SELECTOR = YES;
				GCC_WARN_UNINITIALIZED_AUTOS = YES_AGGRESSIVE;
				GCC_WARN_UNUSED_FUNCTION = YES;
				GCC_WARN_UNUSED_VARIABLE = YES;
				IPHONEOS_DEPLOYMENT_TARGET = 14.4;
				MTL_ENABLE_DEBUG_INFO = INCLUDE_SOURCE;
				MTL_FAST_MATH = YES;
				ONLY_ACTIVE_ARCH = YES;
				SDKROOT = iphoneos;
				SWIFT_ACTIVE_COMPILATION_CONDITIONS = DEBUG;
				SWIFT_OPTIMIZATION_LEVEL = "-Onone";
			};
			name = Debug;
		};
		CDB9943E262ECC52000C8E8B /* Release */ = {
			isa = XCBuildConfiguration;
			buildSettings = {
				ALWAYS_SEARCH_USER_PATHS = NO;
				CLANG_ANALYZER_NONNULL = YES;
				CLANG_ANALYZER_NUMBER_OBJECT_CONVERSION = YES_AGGRESSIVE;
				CLANG_CXX_LANGUAGE_STANDARD = "gnu++14";
				CLANG_CXX_LIBRARY = "libc++";
				CLANG_ENABLE_MODULES = YES;
				CLANG_ENABLE_OBJC_ARC = YES;
				CLANG_ENABLE_OBJC_WEAK = YES;
				CLANG_WARN_BLOCK_CAPTURE_AUTORELEASING = YES;
				CLANG_WARN_BOOL_CONVERSION = YES;
				CLANG_WARN_COMMA = YES;
				CLANG_WARN_CONSTANT_CONVERSION = YES;
				CLANG_WARN_DEPRECATED_OBJC_IMPLEMENTATIONS = YES;
				CLANG_WARN_DIRECT_OBJC_ISA_USAGE = YES_ERROR;
				CLANG_WARN_DOCUMENTATION_COMMENTS = YES;
				CLANG_WARN_EMPTY_BODY = YES;
				CLANG_WARN_ENUM_CONVERSION = YES;
				CLANG_WARN_INFINITE_RECURSION = YES;
				CLANG_WARN_INT_CONVERSION = YES;
				CLANG_WARN_NON_LITERAL_NULL_CONVERSION = YES;
				CLANG_WARN_OBJC_IMPLICIT_RETAIN_SELF = YES;
				CLANG_WARN_OBJC_LITERAL_CONVERSION = YES;
				CLANG_WARN_OBJC_ROOT_CLASS = YES_ERROR;
				CLANG_WARN_QUOTED_INCLUDE_IN_FRAMEWORK_HEADER = YES;
				CLANG_WARN_RANGE_LOOP_ANALYSIS = YES;
				CLANG_WARN_STRICT_PROTOTYPES = YES;
				CLANG_WARN_SUSPICIOUS_MOVE = YES;
				CLANG_WARN_UNGUARDED_AVAILABILITY = YES_AGGRESSIVE;
				CLANG_WARN_UNREACHABLE_CODE = YES;
				CLANG_WARN__DUPLICATE_METHOD_MATCH = YES;
				COPY_PHASE_STRIP = NO;
				DEBUG_INFORMATION_FORMAT = "dwarf-with-dsym";
				ENABLE_NS_ASSERTIONS = NO;
				ENABLE_STRICT_OBJC_MSGSEND = YES;
				GCC_C_LANGUAGE_STANDARD = gnu11;
				GCC_NO_COMMON_BLOCKS = YES;
				GCC_WARN_64_TO_32_BIT_CONVERSION = YES;
				GCC_WARN_ABOUT_RETURN_TYPE = YES_ERROR;
				GCC_WARN_UNDECLARED_SELECTOR = YES;
				GCC_WARN_UNINITIALIZED_AUTOS = YES_AGGRESSIVE;
				GCC_WARN_UNUSED_FUNCTION = YES;
				GCC_WARN_UNUSED_VARIABLE = YES;
				IPHONEOS_DEPLOYMENT_TARGET = 14.4;
				MTL_ENABLE_DEBUG_INFO = NO;
				MTL_FAST_MATH = YES;
				SDKROOT = iphoneos;
				SWIFT_COMPILATION_MODE = wholemodule;
				SWIFT_OPTIMIZATION_LEVEL = "-O";
				VALIDATE_PRODUCT = YES;
			};
			name = Release;
		};
		CDB99440262ECC52000C8E8B /* Debug */ = {
			isa = XCBuildConfiguration;
			buildSettings = {
				ASSETCATALOG_COMPILER_APPICON_NAME = AppIcon;
				ASSETCATALOG_COMPILER_GLOBAL_ACCENT_COLOR_NAME = AccentColor;
				CODE_SIGN_STYLE = Automatic;
				DEVELOPMENT_ASSET_PATHS = "\"Onboarding/Preview Content\"";
				DEVELOPMENT_TEAM = 693P93E2N6;
				ENABLE_PREVIEWS = YES;
				INFOPLIST_FILE = Onboarding/Info.plist;
				IPHONEOS_DEPLOYMENT_TARGET = 14.0;
				LD_RUNPATH_SEARCH_PATHS = (
					"$(inherited)",
					"@executable_path/Frameworks",
				);
				PRODUCT_BUNDLE_IDENTIFIER = com.trueddns.homenano.Onboarding;
				PRODUCT_NAME = "$(TARGET_NAME)";
				SWIFT_VERSION = 5.0;
				TARGETED_DEVICE_FAMILY = "1,2";
			};
			name = Debug;
		};
		CDB99441262ECC52000C8E8B /* Release */ = {
			isa = XCBuildConfiguration;
			buildSettings = {
				ASSETCATALOG_COMPILER_APPICON_NAME = AppIcon;
				ASSETCATALOG_COMPILER_GLOBAL_ACCENT_COLOR_NAME = AccentColor;
				CODE_SIGN_STYLE = Automatic;
				DEVELOPMENT_ASSET_PATHS = "\"Onboarding/Preview Content\"";
				DEVELOPMENT_TEAM = 693P93E2N6;
				ENABLE_PREVIEWS = YES;
				INFOPLIST_FILE = Onboarding/Info.plist;
				IPHONEOS_DEPLOYMENT_TARGET = 14.0;
				LD_RUNPATH_SEARCH_PATHS = (
					"$(inherited)",
					"@executable_path/Frameworks",
				);
				PRODUCT_BUNDLE_IDENTIFIER = com.trueddns.homenano.Onboarding;
				PRODUCT_NAME = "$(TARGET_NAME)";
				SWIFT_VERSION = 5.0;
				TARGETED_DEVICE_FAMILY = "1,2";
			};
			name = Release;
		};
/* End XCBuildConfiguration section */

/* Begin XCConfigurationList section */
		CDB9942B262ECC4F000C8E8B /* Build configuration list for PBXProject "Onboarding" */ = {
			isa = XCConfigurationList;
			buildConfigurations = (
				CDB9943D262ECC52000C8E8B /* Debug */,
				CDB9943E262ECC52000C8E8B /* Release */,
			);
			defaultConfigurationIsVisible = 0;
			defaultConfigurationName = Release;
		};
		CDB9943F262ECC52000C8E8B /* Build configuration list for PBXNativeTarget "Onboarding" */ = {
			isa = XCConfigurationList;
			buildConfigurations = (
				CDB99440262ECC52000C8E8B /* Debug */,
				CDB99441262ECC52000C8E8B /* Release */,
			);
			defaultConfigurationIsVisible = 0;
			defaultConfigurationName = Release;
		};
/* End XCConfigurationList section */

/* Begin XCRemoteSwiftPackageReference section */
		CDB99446262ECDF1000C8E8B /* XCRemoteSwiftPackageReference "SwiftUIX" */ = {
			isa = XCRemoteSwiftPackageReference;
			repositoryURL = "https://github.com/SwiftUIX/SwiftUIX.git";
			requirement = {
				branch = master;
				kind = branch;
			};
		};
/* End XCRemoteSwiftPackageReference section */

/* Begin XCSwiftPackageProductDependency section */
		CDB99447262ECDF2000C8E8B /* SwiftUIX */ = {
			isa = XCSwiftPackageProductDependency;
			package = CDB99446262ECDF1000C8E8B /* XCRemoteSwiftPackageReference "SwiftUIX" */;
			productName = SwiftUIX;
		};
/* End XCSwiftPackageProductDependency section */
	};
	rootObject = CDB99428262ECC4F000C8E8B /* Project object */;
}
